// !$*UTF8*$!
{
	archiveVersion = 1;
	classes = {
	};
	objectVersion = 50;
	objects = {

/* Begin PBXBuildFile section */
		80E2FB402500B01E00CFB09A /* AppDelegate.swift in Sources */ = {isa = PBXBuildFile; fileRef = 80E2FB3F2500B01E00CFB09A /* AppDelegate.swift */; };
		80E2FB422500B01E00CFB09A /* SceneDelegate.swift in Sources */ = {isa = PBXBuildFile; fileRef = 80E2FB412500B01E00CFB09A /* SceneDelegate.swift */; };
		80E2FB442500B01E00CFB09A /* ContentView.swift in Sources */ = {isa = PBXBuildFile; fileRef = 80E2FB432500B01E00CFB09A /* ContentView.swift */; };
		80E2FB472500B01E00CFB09A /* CoffeeOrdering.xcdatamodeld in Sources */ = {isa = PBXBuildFile; fileRef = 80E2FB452500B01E00CFB09A /* CoffeeOrdering.xcdatamodeld */; };
		80E2FB492500B02000CFB09A /* Assets.xcassets in Resources */ = {isa = PBXBuildFile; fileRef = 80E2FB482500B02000CFB09A /* Assets.xcassets */; };
		80E2FB4C2500B02000CFB09A /* Preview Assets.xcassets in Resources */ = {isa = PBXBuildFile; fileRef = 80E2FB4B2500B02000CFB09A /* Preview Assets.xcassets */; };
		80E2FB4F2500B02000CFB09A /* LaunchScreen.storyboard in Resources */ = {isa = PBXBuildFile; fileRef = 80E2FB4D2500B02000CFB09A /* LaunchScreen.storyboard */; };
		80E2FB592500B1D700CFB09A /* CoreDataManager.swift in Sources */ = {isa = PBXBuildFile; fileRef = 80E2FB582500B1D700CFB09A /* CoreDataManager.swift */; };
		80E2FB5C2500B2B200CFB09A /* NSManagedObjectContext+Extension.swift in Sources */ = {isa = PBXBuildFile; fileRef = 80E2FB5B2500B2B200CFB09A /* NSManagedObjectContext+Extension.swift */; };
/* End PBXBuildFile section */

/* Begin PBXFileReference section */
		80E2FB3C2500B01E00CFB09A /* CoffeeOrdering.app */ = {isa = PBXFileReference; explicitFileType = wrapper.application; includeInIndex = 0; path = CoffeeOrdering.app; sourceTree = BUILT_PRODUCTS_DIR; };
		80E2FB3F2500B01E00CFB09A /* AppDelegate.swift */ = {isa = PBXFileReference; lastKnownFileType = sourcecode.swift; path = AppDelegate.swift; sourceTree = "<group>"; };
		80E2FB412500B01E00CFB09A /* SceneDelegate.swift */ = {isa = PBXFileReference; lastKnownFileType = sourcecode.swift; path = SceneDelegate.swift; sourceTree = "<group>"; };
		80E2FB432500B01E00CFB09A /* ContentView.swift */ = {isa = PBXFileReference; lastKnownFileType = sourcecode.swift; path = ContentView.swift; sourceTree = "<group>"; };
		80E2FB462500B01E00CFB09A /* CoffeeOrdering.xcdatamodel */ = {isa = PBXFileReference; lastKnownFileType = wrapper.xcdatamodel; path = CoffeeOrdering.xcdatamodel; sourceTree = "<group>"; };
		80E2FB482500B02000CFB09A /* Assets.xcassets */ = {isa = PBXFileReference; lastKnownFileType = folder.assetcatalog; path = Assets.xcassets; sourceTree = "<group>"; };
		80E2FB4B2500B02000CFB09A /* Preview Assets.xcassets */ = {isa = PBXFileReference; lastKnownFileType = folder.assetcatalog; path = "Preview Assets.xcassets"; sourceTree = "<group>"; };
		80E2FB4E2500B02000CFB09A /* Base */ = {isa = PBXFileReference; lastKnownFileType = file.storyboard; name = Base; path = Base.lproj/LaunchScreen.storyboard; sourceTree = "<group>"; };
		80E2FB502500B02000CFB09A /* Info.plist */ = {isa = PBXFileReference; lastKnownFileType = text.plist.xml; path = Info.plist; sourceTree = "<group>"; };
		80E2FB582500B1D700CFB09A /* CoreDataManager.swift */ = {isa = PBXFileReference; lastKnownFileType = sourcecode.swift; path = CoreDataManager.swift; sourceTree = "<group>"; };
		80E2FB5B2500B2B200CFB09A /* NSManagedObjectContext+Extension.swift */ = {isa = PBXFileReference; lastKnownFileType = sourcecode.swift; path = "NSManagedObjectContext+Extension.swift"; sourceTree = "<group>"; };
/* End PBXFileReference section */

/* Begin PBXFrameworksBuildPhase section */
		80E2FB392500B01E00CFB09A /* Frameworks */ = {
			isa = PBXFrameworksBuildPhase;
			buildActionMask = 2147483647;
			files = (
			);
			runOnlyForDeploymentPostprocessing = 0;
		};
/* End PBXFrameworksBuildPhase section */

/* Begin PBXGroup section */
		80E2FB332500B01E00CFB09A = {
			isa = PBXGroup;
			children = (
				80E2FB3E2500B01E00CFB09A /* CoffeeOrdering */,
				80E2FB3D2500B01E00CFB09A /* Products */,
			);
			sourceTree = "<group>";
		};
		80E2FB3D2500B01E00CFB09A /* Products */ = {
			isa = PBXGroup;
			children = (
				80E2FB3C2500B01E00CFB09A /* CoffeeOrdering.app */,
			);
			name = Products;
			sourceTree = "<group>";
		};
		80E2FB3E2500B01E00CFB09A /* CoffeeOrdering */ = {
			isa = PBXGroup;
			children = (
				80E2FB5A2500B27500CFB09A /* Extensions */,
				80E2FB572500B0FD00CFB09A /* View */,
				80E2FB562500B0EE00CFB09A /* Manager */,
				80E2FB3F2500B01E00CFB09A /* AppDelegate.swift */,
				80E2FB412500B01E00CFB09A /* SceneDelegate.swift */,
				80E2FB432500B01E00CFB09A /* ContentView.swift */,
				80E2FB482500B02000CFB09A /* Assets.xcassets */,
				80E2FB4D2500B02000CFB09A /* LaunchScreen.storyboard */,
				80E2FB502500B02000CFB09A /* Info.plist */,
				80E2FB452500B01E00CFB09A /* CoffeeOrdering.xcdatamodeld */,
				80E2FB4A2500B02000CFB09A /* Preview Content */,
			);
			path = CoffeeOrdering;
			sourceTree = "<group>";
		};
		80E2FB4A2500B02000CFB09A /* Preview Content */ = {
			isa = PBXGroup;
			children = (
				80E2FB4B2500B02000CFB09A /* Preview Assets.xcassets */,
			);
			path = "Preview Content";
			sourceTree = "<group>";
		};
		80E2FB562500B0EE00CFB09A /* Manager */ = {
			isa = PBXGroup;
			children = (
				80E2FB582500B1D700CFB09A /* CoreDataManager.swift */,
			);
			path = Manager;
			sourceTree = "<group>";
		};
		80E2FB572500B0FD00CFB09A /* View */ = {
			isa = PBXGroup;
			children = (
			);
			path = View;
			sourceTree = "<group>";
		};
		80E2FB5A2500B27500CFB09A /* Extensions */ = {
			isa = PBXGroup;
			children = (
				80E2FB5B2500B2B200CFB09A /* NSManagedObjectContext+Extension.swift */,
			);
			path = Extensions;
			sourceTree = "<group>";
		};
/* End PBXGroup section */

/* Begin PBXNativeTarget section */
		80E2FB3B2500B01E00CFB09A /* CoffeeOrdering */ = {
			isa = PBXNativeTarget;
			buildConfigurationList = 80E2FB532500B02000CFB09A /* Build configuration list for PBXNativeTarget "CoffeeOrdering" */;
			buildPhases = (
				80E2FB382500B01E00CFB09A /* Sources */,
				80E2FB392500B01E00CFB09A /* Frameworks */,
				80E2FB3A2500B01E00CFB09A /* Resources */,
			);
			buildRules = (
			);
			dependencies = (
			);
			name = CoffeeOrdering;
			productName = CoffeeOrdering;
			productReference = 80E2FB3C2500B01E00CFB09A /* CoffeeOrdering.app */;
			productType = "com.apple.product-type.application";
		};
/* End PBXNativeTarget section */

/* Begin PBXProject section */
		80E2FB342500B01E00CFB09A /* Project object */ = {
			isa = PBXProject;
			attributes = {
				LastSwiftUpdateCheck = 1200;
				LastUpgradeCheck = 1200;
				TargetAttributes = {
					80E2FB3B2500B01E00CFB09A = {
						CreatedOnToolsVersion = 12.0;
					};
				};
			};
			buildConfigurationList = 80E2FB372500B01E00CFB09A /* Build configuration list for PBXProject "CoffeeOrdering" */;
			compatibilityVersion = "Xcode 9.3";
			developmentRegion = en;
			hasScannedForEncodings = 0;
			knownRegions = (
				en,
				Base,
			);
			mainGroup = 80E2FB332500B01E00CFB09A;
			productRefGroup = 80E2FB3D2500B01E00CFB09A /* Products */;
			projectDirPath = "";
			projectRoot = "";
			targets = (
				80E2FB3B2500B01E00CFB09A /* CoffeeOrdering */,
			);
		};
/* End PBXProject section */

/* Begin PBXResourcesBuildPhase section */
		80E2FB3A2500B01E00CFB09A /* Resources */ = {
			isa = PBXResourcesBuildPhase;
			buildActionMask = 2147483647;
			files = (
				80E2FB4F2500B02000CFB09A /* LaunchScreen.storyboard in Resources */,
				80E2FB4C2500B02000CFB09A /* Preview Assets.xcassets in Resources */,
				80E2FB492500B02000CFB09A /* Assets.xcassets in Resources */,
			);
			runOnlyForDeploymentPostprocessing = 0;
		};
/* End PBXResourcesBuildPhase section */

/* Begin PBXSourcesBuildPhase section */
		80E2FB382500B01E00CFB09A /* Sources */ = {
			isa = PBXSourcesBuildPhase;
			buildActionMask = 2147483647;
			files = (
				80E2FB402500B01E00CFB09A /* AppDelegate.swift in Sources */,
				80E2FB5C2500B2B200CFB09A /* NSManagedObjectContext+Extension.swift in Sources */,
				80E2FB472500B01E00CFB09A /* CoffeeOrdering.xcdatamodeld in Sources */,
				80E2FB422500B01E00CFB09A /* SceneDelegate.swift in Sources */,
				80E2FB592500B1D700CFB09A /* CoreDataManager.swift in Sources */,
				80E2FB442500B01E00CFB09A /* ContentView.swift in Sources */,
			);
			runOnlyForDeploymentPostprocessing = 0;
		};
/* End PBXSourcesBuildPhase section */

/* Begin PBXVariantGroup section */
		80E2FB4D2500B02000CFB09A /* LaunchScreen.storyboard */ = {
			isa = PBXVariantGroup;
			children = (
				80E2FB4E2500B02000CFB09A /* Base */,
			);
			name = LaunchScreen.storyboard;
			sourceTree = "<group>";
		};
/* End PBXVariantGroup section */

/* Begin XCBuildConfiguration section */
		80E2FB512500B02000CFB09A /* Debug */ = {
			isa = XCBuildConfiguration;
			buildSettings = {
				ALWAYS_SEARCH_USER_PATHS = NO;
				CLANG_ANALYZER_NONNULL = YES;
				CLANG_ANALYZER_NUMBER_OBJECT_CONVERSION = YES_AGGRESSIVE;
				CLANG_CXX_LANGUAGE_STANDARD = "gnu++14";
				CLANG_CXX_LIBRARY = "libc++";
				CLANG_ENABLE_MODULES = YES;
				CLANG_ENABLE_OBJC_ARC = YES;
				CLANG_ENABLE_OBJC_WEAK = YES;
				CLANG_WARN_BLOCK_CAPTURE_AUTORELEASING = YES;
				CLANG_WARN_BOOL_CONVERSION = YES;
				CLANG_WARN_COMMA = YES;
				CLANG_WARN_CONSTANT_CONVERSION = YES;
				CLANG_WARN_DEPRECATED_OBJC_IMPLEMENTATIONS = YES;
				CLANG_WARN_DIRECT_OBJC_ISA_USAGE = YES_ERROR;
				CLANG_WARN_DOCUMENTATION_COMMENTS = YES;
				CLANG_WARN_EMPTY_BODY = YES;
				CLANG_WARN_ENUM_CONVERSION = YES;
				CLANG_WARN_INFINITE_RECURSION = YES;
				CLANG_WARN_INT_CONVERSION = YES;
				CLANG_WARN_NON_LITERAL_NULL_CONVERSION = YES;
				CLANG_WARN_OBJC_IMPLICIT_RETAIN_SELF = YES;
				CLANG_WARN_OBJC_LITERAL_CONVERSION = YES;
				CLANG_WARN_OBJC_ROOT_CLASS = YES_ERROR;
				CLANG_WARN_QUOTED_INCLUDE_IN_FRAMEWORK_HEADER = YES;
				CLANG_WARN_RANGE_LOOP_ANALYSIS = YES;
				CLANG_WARN_STRICT_PROTOTYPES = YES;
				CLANG_WARN_SUSPICIOUS_MOVE = YES;
				CLANG_WARN_UNGUARDED_AVAILABILITY = YES_AGGRESSIVE;
				CLANG_WARN_UNREACHABLE_CODE = YES;
				CLANG_WARN__DUPLICATE_METHOD_MATCH = YES;
				COPY_PHASE_STRIP = NO;
				DEBUG_INFORMATION_FORMAT = dwarf;
				ENABLE_STRICT_OBJC_MSGSEND = YES;
				ENABLE_TESTABILITY = YES;
				GCC_C_LANGUAGE_STANDARD = gnu11;
				GCC_DYNAMIC_NO_PIC = NO;
				GCC_NO_COMMON_BLOCKS = YES;
				GCC_OPTIMIZATION_LEVEL = 0;
				GCC_PREPROCESSOR_DEFINITIONS = (
					"DEBUG=1",
					"$(inherited)",
				);
				GCC_WARN_64_TO_32_BIT_CONVERSION = YES;
				GCC_WARN_ABOUT_RETURN_TYPE = YES_ERROR;
				GCC_WARN_UNDECLARED_SELECTOR = YES;
				GCC_WARN_UNINITIALIZED_AUTOS = YES_AGGRESSIVE;
				GCC_WARN_UNUSED_FUNCTION = YES;
				GCC_WARN_UNUSED_VARIABLE = YES;
				IPHONEOS_DEPLOYMENT_TARGET = 14.0;
				MTL_ENABLE_DEBUG_INFO = INCLUDE_SOURCE;
				MTL_FAST_MATH = YES;
				ONLY_ACTIVE_ARCH = YES;
				SDKROOT = iphoneos;
				SWIFT_ACTIVE_COMPILATION_CONDITIONS = DEBUG;
				SWIFT_OPTIMIZATION_LEVEL = "-Onone";
			};
			name = Debug;
		};
		80E2FB522500B02000CFB09A /* Release */ = {
			isa = XCBuildConfiguration;
			buildSettings = {
				ALWAYS_SEARCH_USER_PATHS = NO;
				CLANG_ANALYZER_NONNULL = YES;
				CLANG_ANALYZER_NUMBER_OBJECT_CONVERSION = YES_AGGRESSIVE;
				CLANG_CXX_LANGUAGE_STANDARD = "gnu++14";
				CLANG_CXX_LIBRARY = "libc++";
				CLANG_ENABLE_MODULES = YES;
				CLANG_ENABLE_OBJC_ARC = YES;
				CLANG_ENABLE_OBJC_WEAK = YES;
				CLANG_WARN_BLOCK_CAPTURE_AUTORELEASING = YES;
				CLANG_WARN_BOOL_CONVERSION = YES;
				CLANG_WARN_COMMA = YES;
				CLANG_WARN_CONSTANT_CONVERSION = YES;
				CLANG_WARN_DEPRECATED_OBJC_IMPLEMENTATIONS = YES;
				CLANG_WARN_DIRECT_OBJC_ISA_USAGE = YES_ERROR;
				CLANG_WARN_DOCUMENTATION_COMMENTS = YES;
				CLANG_WARN_EMPTY_BODY = YES;
				CLANG_WARN_ENUM_CONVERSION = YES;
				CLANG_WARN_INFINITE_RECURSION = YES;
				CLANG_WARN_INT_CONVERSION = YES;
				CLANG_WARN_NON_LITERAL_NULL_CONVERSION = YES;
				CLANG_WARN_OBJC_IMPLICIT_RETAIN_SELF = YES;
				CLANG_WARN_OBJC_LITERAL_CONVERSION = YES;
				CLANG_WARN_OBJC_ROOT_CLASS = YES_ERROR;
				CLANG_WARN_QUOTED_INCLUDE_IN_FRAMEWORK_HEADER = YES;
				CLANG_WARN_RANGE_LOOP_ANALYSIS = YES;
				CLANG_WARN_STRICT_PROTOTYPES = YES;
				CLANG_WARN_SUSPICIOUS_MOVE = YES;
				CLANG_WARN_UNGUARDED_AVAILABILITY = YES_AGGRESSIVE;
				CLANG_WARN_UNREACHABLE_CODE = YES;
				CLANG_WARN__DUPLICATE_METHOD_MATCH = YES;
				COPY_PHASE_STRIP = NO;
				DEBUG_INFORMATION_FORMAT = "dwarf-with-dsym";
				ENABLE_NS_ASSERTIONS = NO;
				ENABLE_STRICT_OBJC_MSGSEND = YES;
				GCC_C_LANGUAGE_STANDARD = gnu11;
				GCC_NO_COMMON_BLOCKS = YES;
				GCC_WARN_64_TO_32_BIT_CONVERSION = YES;
				GCC_WARN_ABOUT_RETURN_TYPE = YES_ERROR;
				GCC_WARN_UNDECLARED_SELECTOR = YES;
				GCC_WARN_UNINITIALIZED_AUTOS = YES_AGGRESSIVE;
				GCC_WARN_UNUSED_FUNCTION = YES;
				GCC_WARN_UNUSED_VARIABLE = YES;
				IPHONEOS_DEPLOYMENT_TARGET = 14.0;
				MTL_ENABLE_DEBUG_INFO = NO;
				MTL_FAST_MATH = YES;
				SDKROOT = iphoneos;
				SWIFT_COMPILATION_MODE = wholemodule;
				SWIFT_OPTIMIZATION_LEVEL = "-O";
				VALIDATE_PRODUCT = YES;
			};
			name = Release;
		};
		80E2FB542500B02000CFB09A /* Debug */ = {
			isa = XCBuildConfiguration;
			buildSettings = {
				ASSETCATALOG_COMPILER_APPICON_NAME = AppIcon;
				ASSETCATALOG_COMPILER_GLOBAL_ACCENT_COLOR_NAME = AccentColor;
				CODE_SIGN_STYLE = Automatic;
				DEVELOPMENT_ASSET_PATHS = "\"CoffeeOrdering/Preview Content\"";
				ENABLE_PREVIEWS = YES;
				INFOPLIST_FILE = CoffeeOrdering/Info.plist;
				LD_RUNPATH_SEARCH_PATHS = (
					"$(inherited)",
					"@executable_path/Frameworks",
				);
				PRODUCT_BUNDLE_IDENTIFIER = com.raghu.CoffeeOrdering;
				PRODUCT_NAME = "$(TARGET_NAME)";
				SWIFT_VERSION = 5.0;
				TARGETED_DEVICE_FAMILY = "1,2";
			};
			name = Debug;
		};
		80E2FB552500B02000CFB09A /* Release */ = {
			isa = XCBuildConfiguration;
			buildSettings = {
				ASSETCATALOG_COMPILER_APPICON_NAME = AppIcon;
				ASSETCATALOG_COMPILER_GLOBAL_ACCENT_COLOR_NAME = AccentColor;
				CODE_SIGN_STYLE = Automatic;
				DEVELOPMENT_ASSET_PATHS = "\"CoffeeOrdering/Preview Content\"";
				ENABLE_PREVIEWS = YES;
				INFOPLIST_FILE = CoffeeOrdering/Info.plist;
				LD_RUNPATH_SEARCH_PATHS = (
					"$(inherited)",
					"@executable_path/Frameworks",
				);
				PRODUCT_BUNDLE_IDENTIFIER = com.raghu.CoffeeOrdering;
				PRODUCT_NAME = "$(TARGET_NAME)";
				SWIFT_VERSION = 5.0;
				TARGETED_DEVICE_FAMILY = "1,2";
			};
			name = Release;
		};
/* End XCBuildConfiguration section */

/* Begin XCConfigurationList section */
		80E2FB372500B01E00CFB09A /* Build configuration list for PBXProject "CoffeeOrdering" */ = {
			isa = XCConfigurationList;
			buildConfigurations = (
				80E2FB512500B02000CFB09A /* Debug */,
				80E2FB522500B02000CFB09A /* Release */,
			);
			defaultConfigurationIsVisible = 0;
			defaultConfigurationName = Release;
		};
		80E2FB532500B02000CFB09A /* Build configuration list for PBXNativeTarget "CoffeeOrdering" */ = {
			isa = XCConfigurationList;
			buildConfigurations = (
				80E2FB542500B02000CFB09A /* Debug */,
				80E2FB552500B02000CFB09A /* Release */,
			);
			defaultConfigurationIsVisible = 0;
			defaultConfigurationName = Release;
		};
/* End XCConfigurationList section */

/* Begin XCVersionGroup section */
		80E2FB452500B01E00CFB09A /* CoffeeOrdering.xcdatamodeld */ = {
			isa = XCVersionGroup;
			children = (
				80E2FB462500B01E00CFB09A /* CoffeeOrdering.xcdatamodel */,
			);
			currentVersion = 80E2FB462500B01E00CFB09A /* CoffeeOrdering.xcdatamodel */;
			path = CoffeeOrdering.xcdatamodeld;
			sourceTree = "<group>";
			versionGroupType = wrapper.xcdatamodel;
		};
/* End XCVersionGroup section */
	};
	rootObject = 80E2FB342500B01E00CFB09A /* Project object */;
}
