// !$*UTF8*$!
{
	archiveVersion = 1;
	classes = {
	};
	objectVersion = 50;
	objects = {

/* Begin PBXBuildFile section */
		80E2FAD72500ADFF00CFB09A /* Coffee_CDApp.swift in Sources */ = {isa = PBXBuildFile; fileRef = 80E2FAD62500ADFF00CFB09A /* Coffee_CDApp.swift */; };
		80E2FAD92500ADFF00CFB09A /* ContentView.swift in Sources */ = {isa = PBXBuildFile; fileRef = 80E2FAD82500ADFF00CFB09A /* ContentView.swift */; };
		80E2FADB2500AE0100CFB09A /* Assets.xcassets in Resources */ = {isa = PBXBuildFile; fileRef = 80E2FADA2500AE0100CFB09A /* Assets.xcassets */; };
		80E2FADE2500AE0100CFB09A /* Preview Assets.xcassets in Resources */ = {isa = PBXBuildFile; fileRef = 80E2FADD2500AE0100CFB09A /* Preview Assets.xcassets */; };
		80E2FAE02500AE0100CFB09A /* Persistence.swift in Sources */ = {isa = PBXBuildFile; fileRef = 80E2FADF2500AE0100CFB09A /* Persistence.swift */; };
		80E2FAE32500AE0100CFB09A /* Coffee_CD.xcdatamodeld in Sources */ = {isa = PBXBuildFile; fileRef = 80E2FAE12500AE0100CFB09A /* Coffee_CD.xcdatamodeld */; };
/* End PBXBuildFile section */

/* Begin PBXFileReference section */
		80E2FAD32500ADFF00CFB09A /* Coffee-CD.app */ = {isa = PBXFileReference; explicitFileType = wrapper.application; includeInIndex = 0; path = "Coffee-CD.app"; sourceTree = BUILT_PRODUCTS_DIR; };
		80E2FAD62500ADFF00CFB09A /* Coffee_CDApp.swift */ = {isa = PBXFileReference; lastKnownFileType = sourcecode.swift; path = Coffee_CDApp.swift; sourceTree = "<group>"; };
		80E2FAD82500ADFF00CFB09A /* ContentView.swift */ = {isa = PBXFileReference; lastKnownFileType = sourcecode.swift; path = ContentView.swift; sourceTree = "<group>"; };
		80E2FADA2500AE0100CFB09A /* Assets.xcassets */ = {isa = PBXFileReference; lastKnownFileType = folder.assetcatalog; path = Assets.xcassets; sourceTree = "<group>"; };
		80E2FADD2500AE0100CFB09A /* Preview Assets.xcassets */ = {isa = PBXFileReference; lastKnownFileType = folder.assetcatalog; path = "Preview Assets.xcassets"; sourceTree = "<group>"; };
		80E2FADF2500AE0100CFB09A /* Persistence.swift */ = {isa = PBXFileReference; lastKnownFileType = sourcecode.swift; path = Persistence.swift; sourceTree = "<group>"; };
		80E2FAE22500AE0100CFB09A /* Coffee_CD.xcdatamodel */ = {isa = PBXFileReference; lastKnownFileType = wrapper.xcdatamodel; path = Coffee_CD.xcdatamodel; sourceTree = "<group>"; };
		80E2FAE42500AE0100CFB09A /* Info.plist */ = {isa = PBXFileReference; lastKnownFileType = text.plist.xml; path = Info.plist; sourceTree = "<group>"; };
/* End PBXFileReference section */

/* Begin PBXFrameworksBuildPhase section */
		80E2FAD02500ADFF00CFB09A /* Frameworks */ = {
			isa = PBXFrameworksBuildPhase;
			buildActionMask = 2147483647;
			files = (
			);
			runOnlyForDeploymentPostprocessing = 0;
		};
/* End PBXFrameworksBuildPhase section */

/* Begin PBXGroup section */
		80E2FACA2500ADFF00CFB09A = {
			isa = PBXGroup;
			children = (
				80E2FAD52500ADFF00CFB09A /* Coffee-CD */,
				80E2FAD42500ADFF00CFB09A /* Products */,
			);
			sourceTree = "<group>";
		};
		80E2FAD42500ADFF00CFB09A /* Products */ = {
			isa = PBXGroup;
			children = (
				80E2FAD32500ADFF00CFB09A /* Coffee-CD.app */,
			);
			name = Products;
			sourceTree = "<group>";
		};
		80E2FAD52500ADFF00CFB09A /* Coffee-CD */ = {
			isa = PBXGroup;
			children = (
				80E2FAD62500ADFF00CFB09A /* Coffee_CDApp.swift */,
				80E2FAD82500ADFF00CFB09A /* ContentView.swift */,
				80E2FADA2500AE0100CFB09A /* Assets.xcassets */,
				80E2FADF2500AE0100CFB09A /* Persistence.swift */,
				80E2FAE42500AE0100CFB09A /* Info.plist */,
				80E2FAE12500AE0100CFB09A /* Coffee_CD.xcdatamodeld */,
				80E2FADC2500AE0100CFB09A /* Preview Content */,
			);
			path = "Coffee-CD";
			sourceTree = "<group>";
		};
		80E2FADC2500AE0100CFB09A /* Preview Content */ = {
			isa = PBXGroup;
			children = (
				80E2FADD2500AE0100CFB09A /* Preview Assets.xcassets */,
			);
			path = "Preview Content";
			sourceTree = "<group>";
		};
/* End PBXGroup section */

/* Begin PBXNativeTarget section */
		80E2FAD22500ADFF00CFB09A /* Coffee-CD */ = {
			isa = PBXNativeTarget;
			buildConfigurationList = 80E2FAE72500AE0100CFB09A /* Build configuration list for PBXNativeTarget "Coffee-CD" */;
			buildPhases = (
				80E2FACF2500ADFF00CFB09A /* Sources */,
				80E2FAD02500ADFF00CFB09A /* Frameworks */,
				80E2FAD12500ADFF00CFB09A /* Resources */,
			);
			buildRules = (
			);
			dependencies = (
			);
			name = "Coffee-CD";
			productName = "Coffee-CD";
			productReference = 80E2FAD32500ADFF00CFB09A /* Coffee-CD.app */;
			productType = "com.apple.product-type.application";
		};
/* End PBXNativeTarget section */

/* Begin PBXProject section */
		80E2FACB2500ADFF00CFB09A /* Project object */ = {
			isa = PBXProject;
			attributes = {
				LastSwiftUpdateCheck = 1200;
				LastUpgradeCheck = 1200;
				TargetAttributes = {
					80E2FAD22500ADFF00CFB09A = {
						CreatedOnToolsVersion = 12.0;
					};
				};
			};
			buildConfigurationList = 80E2FACE2500ADFF00CFB09A /* Build configuration list for PBXProject "Coffee-CD" */;
			compatibilityVersion = "Xcode 9.3";
			developmentRegion = en;
			hasScannedForEncodings = 0;
			knownRegions = (
				en,
				Base,
			);
			mainGroup = 80E2FACA2500ADFF00CFB09A;
			productRefGroup = 80E2FAD42500ADFF00CFB09A /* Products */;
			projectDirPath = "";
			projectRoot = "";
			targets = (
				80E2FAD22500ADFF00CFB09A /* Coffee-CD */,
			);
		};
/* End PBXProject section */

/* Begin PBXResourcesBuildPhase section */
		80E2FAD12500ADFF00CFB09A /* Resources */ = {
			isa = PBXResourcesBuildPhase;
			buildActionMask = 2147483647;
			files = (
				80E2FADE2500AE0100CFB09A /* Preview Assets.xcassets in Resources */,
				80E2FADB2500AE0100CFB09A /* Assets.xcassets in Resources */,
			);
			runOnlyForDeploymentPostprocessing = 0;
		};
/* End PBXResourcesBuildPhase section */

/* Begin PBXSourcesBuildPhase section */
		80E2FACF2500ADFF00CFB09A /* Sources */ = {
			isa = PBXSourcesBuildPhase;
			buildActionMask = 2147483647;
			files = (
				80E2FAE32500AE0100CFB09A /* Coffee_CD.xcdatamodeld in Sources */,
				80E2FAE02500AE0100CFB09A /* Persistence.swift in Sources */,
				80E2FAD92500ADFF00CFB09A /* ContentView.swift in Sources */,
				80E2FAD72500ADFF00CFB09A /* Coffee_CDApp.swift in Sources */,
			);
			runOnlyForDeploymentPostprocessing = 0;
		};
/* End PBXSourcesBuildPhase section */

/* Begin XCBuildConfiguration section */
		80E2FAE52500AE0100CFB09A /* Debug */ = {
			isa = XCBuildConfiguration;
			buildSettings = {
				ALWAYS_SEARCH_USER_PATHS = NO;
				CLANG_ANALYZER_NONNULL = YES;
				CLANG_ANALYZER_NUMBER_OBJECT_CONVERSION = YES_AGGRESSIVE;
				CLANG_CXX_LANGUAGE_STANDARD = "gnu++14";
				CLANG_CXX_LIBRARY = "libc++";
				CLANG_ENABLE_MODULES = YES;
				CLANG_ENABLE_OBJC_ARC = YES;
				CLANG_ENABLE_OBJC_WEAK = YES;
				CLANG_WARN_BLOCK_CAPTURE_AUTORELEASING = YES;
				CLANG_WARN_BOOL_CONVERSION = YES;
				CLANG_WARN_COMMA = YES;
				CLANG_WARN_CONSTANT_CONVERSION = YES;
				CLANG_WARN_DEPRECATED_OBJC_IMPLEMENTATIONS = YES;
				CLANG_WARN_DIRECT_OBJC_ISA_USAGE = YES_ERROR;
				CLANG_WARN_DOCUMENTATION_COMMENTS = YES;
				CLANG_WARN_EMPTY_BODY = YES;
				CLANG_WARN_ENUM_CONVERSION = YES;
				CLANG_WARN_INFINITE_RECURSION = YES;
				CLANG_WARN_INT_CONVERSION = YES;
				CLANG_WARN_NON_LITERAL_NULL_CONVERSION = YES;
				CLANG_WARN_OBJC_IMPLICIT_RETAIN_SELF = YES;
				CLANG_WARN_OBJC_LITERAL_CONVERSION = YES;
				CLANG_WARN_OBJC_ROOT_CLASS = YES_ERROR;
				CLANG_WARN_QUOTED_INCLUDE_IN_FRAMEWORK_HEADER = YES;
				CLANG_WARN_RANGE_LOOP_ANALYSIS = YES;
				CLANG_WARN_STRICT_PROTOTYPES = YES;
				CLANG_WARN_SUSPICIOUS_MOVE = YES;
				CLANG_WARN_UNGUARDED_AVAILABILITY = YES_AGGRESSIVE;
				CLANG_WARN_UNREACHABLE_CODE = YES;
				CLANG_WARN__DUPLICATE_METHOD_MATCH = YES;
				COPY_PHASE_STRIP = NO;
				DEBUG_INFORMATION_FORMAT = dwarf;
				ENABLE_STRICT_OBJC_MSGSEND = YES;
				ENABLE_TESTABILITY = YES;
				GCC_C_LANGUAGE_STANDARD = gnu11;
				GCC_DYNAMIC_NO_PIC = NO;
				GCC_NO_COMMON_BLOCKS = YES;
				GCC_OPTIMIZATION_LEVEL = 0;
				GCC_PREPROCESSOR_DEFINITIONS = (
					"DEBUG=1",
					"$(inherited)",
				);
				GCC_WARN_64_TO_32_BIT_CONVERSION = YES;
				GCC_WARN_ABOUT_RETURN_TYPE = YES_ERROR;
				GCC_WARN_UNDECLARED_SELECTOR = YES;
				GCC_WARN_UNINITIALIZED_AUTOS = YES_AGGRESSIVE;
				GCC_WARN_UNUSED_FUNCTION = YES;
				GCC_WARN_UNUSED_VARIABLE = YES;
				IPHONEOS_DEPLOYMENT_TARGET = 14.0;
				MTL_ENABLE_DEBUG_INFO = INCLUDE_SOURCE;
				MTL_FAST_MATH = YES;
				ONLY_ACTIVE_ARCH = YES;
				SDKROOT = iphoneos;
				SWIFT_ACTIVE_COMPILATION_CONDITIONS = DEBUG;
				SWIFT_OPTIMIZATION_LEVEL = "-Onone";
			};
			name = Debug;
		};
		80E2FAE62500AE0100CFB09A /* Release */ = {
			isa = XCBuildConfiguration;
			buildSettings = {
				ALWAYS_SEARCH_USER_PATHS = NO;
				CLANG_ANALYZER_NONNULL = YES;
				CLANG_ANALYZER_NUMBER_OBJECT_CONVERSION = YES_AGGRESSIVE;
				CLANG_CXX_LANGUAGE_STANDARD = "gnu++14";
				CLANG_CXX_LIBRARY = "libc++";
				CLANG_ENABLE_MODULES = YES;
				CLANG_ENABLE_OBJC_ARC = YES;
				CLANG_ENABLE_OBJC_WEAK = YES;
				CLANG_WARN_BLOCK_CAPTURE_AUTORELEASING = YES;
				CLANG_WARN_BOOL_CONVERSION = YES;
				CLANG_WARN_COMMA = YES;
				CLANG_WARN_CONSTANT_CONVERSION = YES;
				CLANG_WARN_DEPRECATED_OBJC_IMPLEMENTATIONS = YES;
				CLANG_WARN_DIRECT_OBJC_ISA_USAGE = YES_ERROR;
				CLANG_WARN_DOCUMENTATION_COMMENTS = YES;
				CLANG_WARN_EMPTY_BODY = YES;
				CLANG_WARN_ENUM_CONVERSION = YES;
				CLANG_WARN_INFINITE_RECURSION = YES;
				CLANG_WARN_INT_CONVERSION = YES;
				CLANG_WARN_NON_LITERAL_NULL_CONVERSION = YES;
				CLANG_WARN_OBJC_IMPLICIT_RETAIN_SELF = YES;
				CLANG_WARN_OBJC_LITERAL_CONVERSION = YES;
				CLANG_WARN_OBJC_ROOT_CLASS = YES_ERROR;
				CLANG_WARN_QUOTED_INCLUDE_IN_FRAMEWORK_HEADER = YES;
				CLANG_WARN_RANGE_LOOP_ANALYSIS = YES;
				CLANG_WARN_STRICT_PROTOTYPES = YES;
				CLANG_WARN_SUSPICIOUS_MOVE = YES;
				CLANG_WARN_UNGUARDED_AVAILABILITY = YES_AGGRESSIVE;
				CLANG_WARN_UNREACHABLE_CODE = YES;
				CLANG_WARN__DUPLICATE_METHOD_MATCH = YES;
				COPY_PHASE_STRIP = NO;
				DEBUG_INFORMATION_FORMAT = "dwarf-with-dsym";
				ENABLE_NS_ASSERTIONS = NO;
				ENABLE_STRICT_OBJC_MSGSEND = YES;
				GCC_C_LANGUAGE_STANDARD = gnu11;
				GCC_NO_COMMON_BLOCKS = YES;
				GCC_WARN_64_TO_32_BIT_CONVERSION = YES;
				GCC_WARN_ABOUT_RETURN_TYPE = YES_ERROR;
				GCC_WARN_UNDECLARED_SELECTOR = YES;
				GCC_WARN_UNINITIALIZED_AUTOS = YES_AGGRESSIVE;
				GCC_WARN_UNUSED_FUNCTION = YES;
				GCC_WARN_UNUSED_VARIABLE = YES;
				IPHONEOS_DEPLOYMENT_TARGET = 14.0;
				MTL_ENABLE_DEBUG_INFO = NO;
				MTL_FAST_MATH = YES;
				SDKROOT = iphoneos;
				SWIFT_COMPILATION_MODE = wholemodule;
				SWIFT_OPTIMIZATION_LEVEL = "-O";
				VALIDATE_PRODUCT = YES;
			};
			name = Release;
		};
		80E2FAE82500AE0100CFB09A /* Debug */ = {
			isa = XCBuildConfiguration;
			buildSettings = {
				ASSETCATALOG_COMPILER_APPICON_NAME = AppIcon;
				ASSETCATALOG_COMPILER_GLOBAL_ACCENT_COLOR_NAME = AccentColor;
				CODE_SIGN_STYLE = Automatic;
				DEVELOPMENT_ASSET_PATHS = "\"Coffee-CD/Preview Content\"";
				ENABLE_PREVIEWS = YES;
				INFOPLIST_FILE = "Coffee-CD/Info.plist";
				IPHONEOS_DEPLOYMENT_TARGET = 14.0;
				LD_RUNPATH_SEARCH_PATHS = (
					"$(inherited)",
					"@executable_path/Frameworks",
				);
				PRODUCT_BUNDLE_IDENTIFIER = "com.raghu.Coffee-CD";
				PRODUCT_NAME = "$(TARGET_NAME)";
				SWIFT_VERSION = 5.0;
				TARGETED_DEVICE_FAMILY = "1,2";
			};
			name = Debug;
		};
		80E2FAE92500AE0100CFB09A /* Release */ = {
			isa = XCBuildConfiguration;
			buildSettings = {
				ASSETCATALOG_COMPILER_APPICON_NAME = AppIcon;
				ASSETCATALOG_COMPILER_GLOBAL_ACCENT_COLOR_NAME = AccentColor;
				CODE_SIGN_STYLE = Automatic;
				DEVELOPMENT_ASSET_PATHS = "\"Coffee-CD/Preview Content\"";
				ENABLE_PREVIEWS = YES;
				INFOPLIST_FILE = "Coffee-CD/Info.plist";
				IPHONEOS_DEPLOYMENT_TARGET = 14.0;
				LD_RUNPATH_SEARCH_PATHS = (
					"$(inherited)",
					"@executable_path/Frameworks",
				);
				PRODUCT_BUNDLE_IDENTIFIER = "com.raghu.Coffee-CD";
				PRODUCT_NAME = "$(TARGET_NAME)";
				SWIFT_VERSION = 5.0;
				TARGETED_DEVICE_FAMILY = "1,2";
			};
			name = Release;
		};
/* End XCBuildConfiguration section */

/* Begin XCConfigurationList section */
		80E2FACE2500ADFF00CFB09A /* Build configuration list for PBXProject "Coffee-CD" */ = {
			isa = XCConfigurationList;
			buildConfigurations = (
				80E2FAE52500AE0100CFB09A /* Debug */,
				80E2FAE62500AE0100CFB09A /* Release */,
			);
			defaultConfigurationIsVisible = 0;
			defaultConfigurationName = Release;
		};
		80E2FAE72500AE0100CFB09A /* Build configuration list for PBXNativeTarget "Coffee-CD" */ = {
			isa = XCConfigurationList;
			buildConfigurations = (
				80E2FAE82500AE0100CFB09A /* Debug */,
				80E2FAE92500AE0100CFB09A /* Release */,
			);
			defaultConfigurationIsVisible = 0;
			defaultConfigurationName = Release;
		};
/* End XCConfigurationList section */

/* Begin XCVersionGroup section */
		80E2FAE12500AE0100CFB09A /* Coffee_CD.xcdatamodeld */ = {
			isa = XCVersionGroup;
			children = (
				80E2FAE22500AE0100CFB09A /* Coffee_CD.xcdatamodel */,
			);
			currentVersion = 80E2FAE22500AE0100CFB09A /* Coffee_CD.xcdatamodel */;
			path = Coffee_CD.xcdatamodeld;
			sourceTree = "<group>";
			versionGroupType = wrapper.xcdatamodel;
		};
/* End XCVersionGroup section */
	};
	rootObject = 80E2FACB2500ADFF00CFB09A /* Project object */;
}
